
Microsoft Visual Studio Solution File, Format Version 12.00
# Visual Studio Version 17
VisualStudioVersion = 17.6.33723.286
MinimumVisualStudioVersion = 10.0.40219.1
Project("{2150E333-8FDC-42A3-9474-1A3956D46DE8}") = "Services", "Services", "{E131791E-BA50-4718-A798-0CA20A5018BB}"
EndProject
Project("{2150E333-8FDC-42A3-9474-1A3956D46DE8}") = "Catalog", "Catalog", "{58A79FE5-2E01-4D47-ACDB-0B6FC4C77779}"
EndProject
Project("{9A19103F-16F7-4668-BE54-9A1E7A4F7556}") = "Catalog.Core", "Services\Catalog\Catalog.Core\Catalog.Core.csproj", "{3A5EFC3E-958F-49C4-88FD-C369FB0C90E2}"
EndProject
Project("{9A19103F-16F7-4668-BE54-9A1E7A4F7556}") = "Catalog.Application", "Services\Catalog\Catalog.Application\Catalog.Application.csproj", "{08CF4777-A056-4CD4-9ABF-4D27D8A1C96A}"
EndProject
Project("{9A19103F-16F7-4668-BE54-9A1E7A4F7556}") = "Catalog.Infrastructure", "Services\Catalog\Catalog.Infrastructure\Catalog.Infrastructure.csproj", "{C204919F-6DCD-4875-9CE2-E23BFD970BBA}"
EndProject
Project("{9A19103F-16F7-4668-BE54-9A1E7A4F7556}") = "Catalog.API", "Services\Catalog\Catalog.API\Catalog.API.csproj", "{3A1CBD52-EC27-470B-AFCB-1AA6E2DDF1B1}"
EndProject
Project("{E53339B2-1760-4266-BCC7-CA923CBCF16C}") = "docker-compose", "docker-compose.dcproj", "{E25C5C6B-1424-4DB9-8968-794227958BE3}"
EndProject
Project("{2150E333-8FDC-42A3-9474-1A3956D46DE8}") = "Basket", "Basket", "{C427C051-121B-4CA8-B731-5303738117BC}"
EndProject
Project("{9A19103F-16F7-4668-BE54-9A1E7A4F7556}") = "Basket.API", "Services\Basket\Basket.API\Basket.API.csproj", "{505C4A79-08BD-4E58-890E-A0F5EF0B062C}"
EndProject
Project("{9A19103F-16F7-4668-BE54-9A1E7A4F7556}") = "Basket.Core", "Services\Basket\Basket.Core\Basket.Core.csproj", "{E73C930E-E97A-406A-B565-3A0D9B6979A7}"
EndProject
Project("{9A19103F-16F7-4668-BE54-9A1E7A4F7556}") = "Basket.Application", "Services\Basket\Basket.Application\Basket.Application.csproj", "{DA3A196F-282C-4F21-8697-F4A8355C88B0}"
EndProject
Project("{9A19103F-16F7-4668-BE54-9A1E7A4F7556}") = "Basket.Infrastructure", "Services\Basket\Basket.Infrastructure\Basket.Infrastructure.csproj", "{ABADA7F4-9ED5-410F-BFCF-C9E1D37B1EF7}"
EndProject
Global
	GlobalSection(SolutionConfigurationPlatforms) = preSolution
		Debug|Any CPU = Debug|Any CPU
		Release|Any CPU = Release|Any CPU
	EndGlobalSection
	GlobalSection(ProjectConfigurationPlatforms) = postSolution
		{3A5EFC3E-958F-49C4-88FD-C369FB0C90E2}.Debug|Any CPU.ActiveCfg = Debug|Any CPU
		{3A5EFC3E-958F-49C4-88FD-C369FB0C90E2}.Debug|Any CPU.Build.0 = Debug|Any CPU
		{3A5EFC3E-958F-49C4-88FD-C369FB0C90E2}.Release|Any CPU.ActiveCfg = Release|Any CPU
		{3A5EFC3E-958F-49C4-88FD-C369FB0C90E2}.Release|Any CPU.Build.0 = Release|Any CPU
		{08CF4777-A056-4CD4-9ABF-4D27D8A1C96A}.Debug|Any CPU.ActiveCfg = Debug|Any CPU
		{08CF4777-A056-4CD4-9ABF-4D27D8A1C96A}.Debug|Any CPU.Build.0 = Debug|Any CPU
		{08CF4777-A056-4CD4-9ABF-4D27D8A1C96A}.Release|Any CPU.ActiveCfg = Release|Any CPU
		{08CF4777-A056-4CD4-9ABF-4D27D8A1C96A}.Release|Any CPU.Build.0 = Release|Any CPU
		{C204919F-6DCD-4875-9CE2-E23BFD970BBA}.Debug|Any CPU.ActiveCfg = Debug|Any CPU
		{C204919F-6DCD-4875-9CE2-E23BFD970BBA}.Debug|Any CPU.Build.0 = Debug|Any CPU
		{C204919F-6DCD-4875-9CE2-E23BFD970BBA}.Release|Any CPU.ActiveCfg = Release|Any CPU
		{C204919F-6DCD-4875-9CE2-E23BFD970BBA}.Release|Any CPU.Build.0 = Release|Any CPU
		{3A1CBD52-EC27-470B-AFCB-1AA6E2DDF1B1}.Debug|Any CPU.ActiveCfg = Debug|Any CPU
		{3A1CBD52-EC27-470B-AFCB-1AA6E2DDF1B1}.Debug|Any CPU.Build.0 = Debug|Any CPU
		{3A1CBD52-EC27-470B-AFCB-1AA6E2DDF1B1}.Release|Any CPU.ActiveCfg = Release|Any CPU
		{3A1CBD52-EC27-470B-AFCB-1AA6E2DDF1B1}.Release|Any CPU.Build.0 = Release|Any CPU
		{E25C5C6B-1424-4DB9-8968-794227958BE3}.Debug|Any CPU.ActiveCfg = Debug|Any CPU
		{E25C5C6B-1424-4DB9-8968-794227958BE3}.Debug|Any CPU.Build.0 = Debug|Any CPU
		{E25C5C6B-1424-4DB9-8968-794227958BE3}.Release|Any CPU.ActiveCfg = Release|Any CPU
		{E25C5C6B-1424-4DB9-8968-794227958BE3}.Release|Any CPU.Build.0 = Release|Any CPU
		{505C4A79-08BD-4E58-890E-A0F5EF0B062C}.Debug|Any CPU.ActiveCfg = Debug|Any CPU
		{505C4A79-08BD-4E58-890E-A0F5EF0B062C}.Debug|Any CPU.Build.0 = Debug|Any CPU
		{505C4A79-08BD-4E58-890E-A0F5EF0B062C}.Release|Any CPU.ActiveCfg = Release|Any CPU
		{505C4A79-08BD-4E58-890E-A0F5EF0B062C}.Release|Any CPU.Build.0 = Release|Any CPU
		{E73C930E-E97A-406A-B565-3A0D9B6979A7}.Debug|Any CPU.ActiveCfg = Debug|Any CPU
		{E73C930E-E97A-406A-B565-3A0D9B6979A7}.Debug|Any CPU.Build.0 = Debug|Any CPU
		{E73C930E-E97A-406A-B565-3A0D9B6979A7}.Release|Any CPU.ActiveCfg = Release|Any CPU
		{E73C930E-E97A-406A-B565-3A0D9B6979A7}.Release|Any CPU.Build.0 = Release|Any CPU
		{DA3A196F-282C-4F21-8697-F4A8355C88B0}.Debug|Any CPU.ActiveCfg = Debug|Any CPU
		{DA3A196F-282C-4F21-8697-F4A8355C88B0}.Debug|Any CPU.Build.0 = Debug|Any CPU
		{DA3A196F-282C-4F21-8697-F4A8355C88B0}.Release|Any CPU.ActiveCfg = Release|Any CPU
		{DA3A196F-282C-4F21-8697-F4A8355C88B0}.Release|Any CPU.Build.0 = Release|Any CPU
		{ABADA7F4-9ED5-410F-BFCF-C9E1D37B1EF7}.Debug|Any CPU.ActiveCfg = Debug|Any CPU
		{ABADA7F4-9ED5-410F-BFCF-C9E1D37B1EF7}.Debug|Any CPU.Build.0 = Debug|Any CPU
		{ABADA7F4-9ED5-410F-BFCF-C9E1D37B1EF7}.Release|Any CPU.ActiveCfg = Release|Any CPU
		{ABADA7F4-9ED5-410F-BFCF-C9E1D37B1EF7}.Release|Any CPU.Build.0 = Release|Any CPU
	EndGlobalSection
	GlobalSection(SolutionProperties) = preSolution
		HideSolutionNode = FALSE
	EndGlobalSection
	GlobalSection(NestedProjects) = preSolution
		{58A79FE5-2E01-4D47-ACDB-0B6FC4C77779} = {E131791E-BA50-4718-A798-0CA20A5018BB}
		{3A5EFC3E-958F-49C4-88FD-C369FB0C90E2} = {58A79FE5-2E01-4D47-ACDB-0B6FC4C77779}
		{08CF4777-A056-4CD4-9ABF-4D27D8A1C96A} = {58A79FE5-2E01-4D47-ACDB-0B6FC4C77779}
		{C204919F-6DCD-4875-9CE2-E23BFD970BBA} = {58A79FE5-2E01-4D47-ACDB-0B6FC4C77779}
		{3A1CBD52-EC27-470B-AFCB-1AA6E2DDF1B1} = {58A79FE5-2E01-4D47-ACDB-0B6FC4C77779}
		{C427C051-121B-4CA8-B731-5303738117BC} = {E131791E-BA50-4718-A798-0CA20A5018BB}
		{505C4A79-08BD-4E58-890E-A0F5EF0B062C} = {C427C051-121B-4CA8-B731-5303738117BC}
		{E73C930E-E97A-406A-B565-3A0D9B6979A7} = {C427C051-121B-4CA8-B731-5303738117BC}
		{DA3A196F-282C-4F21-8697-F4A8355C88B0} = {C427C051-121B-4CA8-B731-5303738117BC}
		{ABADA7F4-9ED5-410F-BFCF-C9E1D37B1EF7} = {C427C051-121B-4CA8-B731-5303738117BC}
	EndGlobalSection
	GlobalSection(ExtensibilityGlobals) = postSolution
		SolutionGuid = {48E99436-DE8C-4CD0-A088-E8BD218A6F58}
	EndGlobalSection
EndGlobal
